PODS:
  - Delighted (1.4.0):
    - Starscream (= 4.0.6)
  - Starscream (4.0.6)

DEPENDENCIES:
  - Delighted (from `../`)

SPEC REPOS:
  trunk:
    - Starscream

EXTERNAL SOURCES:
  Delighted:
    :path: "../"

SPEC CHECKSUMS:
  Delighted: c1bf9d8b7470c0c2132260f6df9e93cadce0b444
  Starscream: fb2c4510bebf908c62bd383bcf05e673720e91fd

PODFILE CHECKSUM: 8d03485e72a4a8f9d5d8ada29a2cc866262a28fb

COCOAPODS: 1.14.2
